Microsoft Visual Studio Solution File, Format Version 12.00
# Visual Studio 15
VisualStudioVersion = 15.0.27130.2010
MinimumVisualStudioVersion = 10.0.40219.1
Project("{FAE04EC0-301F-11D3-BF4B-00C04F79EFBC}") = "Addresses.StreetAddresses.ApiController", "Addresses.StreetAddresses.ApiController\Addresses.StreetAddresses.ApiController.csproj", "{AAC5EC9A-AAC5-EC9A-AAC5-EC9AAAC5EC9A}"
EndProject
Global
	GlobalSection(SolutionConfigurationPlatforms) = preSolution
		Debug|Any CPU = Debug|Any CPU
		Release|Any CPU = Release|Any CPU
	EndGlobalSection
	GlobalSection(ProjectConfigurationPlatforms) = postSolution
		{AAC5EC9A-AAC5-EC9A-AAC5-EC9AAAC5EC9A}.Debug|Any CPU.ActiveCfg = Debug|Any CPU
		{AAC5EC9A-AAC5-EC9A-AAC5-EC9AAAC5EC9A}.Debug|Any CPU.Build.0 = Debug|Any CPU
		{AAC5EC9A-AAC5-EC9A-AAC5-EC9AAAC5EC9A}.Release|Any CPU.ActiveCfg = Release|Any CPU
		{AAC5EC9A-AAC5-EC9A-AAC5-EC9AAAC5EC9A}.Release|Any CPU.Build.0 = Release|Any CPU
	EndGlobalSection
	GlobalSection(SolutionProperties) = preSolution
		HideSolutionNode = FALSE
	EndGlobalSection
	GlobalSection(ExtensibilityGlobals) = preSolution
		SolutionGuid = {EE2123D2-EE21-23D2-EE21-23D2EE2123D2}
	EndGlobalSection
EndGlobal

